
Microsoft Visual Studio Solution File, Format Version 12.00
# Visual Studio Version 16
VisualStudioVersion = 16.0.29721.120
MinimumVisualStudioVersion = 10.0.40219.1
Project("{9A19103F-16F7-4668-BE54-9A1E7A4F7556}") = "WebAPI_Identity", "WebAPI_Identity\WebAPI_Identity.csproj", "{FE1519D5-1583-4558-8665-9C850CE3A1F9}"
EndProject
Project("{FAE04EC0-301F-11D3-BF4B-00C04F79EFBC}") = "Blazor", "Blazor\Blazor.csproj", "{0726674C-78A6-43A4-9E23-0D38CD6B2DE6}"
EndProject
Global
	GlobalSection(SolutionConfigurationPlatforms) = preSolution
		Debug|Any CPU = Debug|Any CPU
		Release|Any CPU = Release|Any CPU
	EndGlobalSection
	GlobalSection(ProjectConfigurationPlatforms) = postSolution
		{FE1519D5-1583-4558-8665-9C850CE3A1F9}.Debug|Any CPU.ActiveCfg = Debug|Any CPU
		{FE1519D5-1583-4558-8665-9C850CE3A1F9}.Debug|Any CPU.Build.0 = Debug|Any CPU
		{FE1519D5-1583-4558-8665-9C850CE3A1F9}.Release|Any CPU.ActiveCfg = Release|Any CPU
		{FE1519D5-1583-4558-8665-9C850CE3A1F9}.Release|Any CPU.Build.0 = Release|Any CPU
		{0726674C-78A6-43A4-9E23-0D38CD6B2DE6}.Debug|Any CPU.ActiveCfg = Debug|Any CPU
		{0726674C-78A6-43A4-9E23-0D38CD6B2DE6}.Debug|Any CPU.Build.0 = Debug|Any CPU
		{0726674C-78A6-43A4-9E23-0D38CD6B2DE6}.Release|Any CPU.ActiveCfg = Release|Any CPU
		{0726674C-78A6-43A4-9E23-0D38CD6B2DE6}.Release|Any CPU.Build.0 = Release|Any CPU
	EndGlobalSection
	GlobalSection(SolutionProperties) = preSolution
		HideSolutionNode = FALSE
	EndGlobalSection
	GlobalSection(ExtensibilityGlobals) = postSolution
		SolutionGuid = {88DEF391-8BC7-44F3-A196-08CF15E1CF43}
	EndGlobalSection
EndGlobal
